// !$*UTF8*$!
{
	archiveVersion = 1;
	classes = {
	};
	objectVersion = 56;
	objects = {

/* Begin PBXBuildFile section */
		342183B02915769B00F378D2 /* TwitterCloneApp.swift in Sources */ = {isa = PBXBuildFile; fileRef = 342183AF2915769B00F378D2 /* TwitterCloneApp.swift */; };
		342183B22915769B00F378D2 /* ContentView.swift in Sources */ = {isa = PBXBuildFile; fileRef = 342183B12915769B00F378D2 /* ContentView.swift */; };
		342183B42915769C00F378D2 /* Assets.xcassets in Resources */ = {isa = PBXBuildFile; fileRef = 342183B32915769C00F378D2 /* Assets.xcassets */; };
		342183B72915769C00F378D2 /* Preview Assets.xcassets in Resources */ = {isa = PBXBuildFile; fileRef = 342183B62915769C00F378D2 /* Preview Assets.xcassets */; };
		342183C8291627D700F378D2 /* FeedView.swift in Sources */ = {isa = PBXBuildFile; fileRef = 342183C7291627D700F378D2 /* FeedView.swift */; };
		342183CB291B002300F378D2 /* TweetsRowView.swift in Sources */ = {isa = PBXBuildFile; fileRef = 342183CA291B002300F378D2 /* TweetsRowView.swift */; };
		3432901E29254A3200CAFD26 /* MainTabView.swift in Sources */ = {isa = PBXBuildFile; fileRef = 3432901D29254A3200CAFD26 /* MainTabView.swift */; };
		3432902529254B6500CAFD26 /* ExploreView.swift in Sources */ = {isa = PBXBuildFile; fileRef = 3432902429254B6500CAFD26 /* ExploreView.swift */; };
		3432902729254B7F00CAFD26 /* NotificationsView.swift in Sources */ = {isa = PBXBuildFile; fileRef = 3432902629254B7F00CAFD26 /* NotificationsView.swift */; };
		3432902929254B9800CAFD26 /* MessagesView.swift in Sources */ = {isa = PBXBuildFile; fileRef = 3432902829254B9800CAFD26 /* MessagesView.swift */; };
		3432902D29254C8200CAFD26 /* ProfileView.swift in Sources */ = {isa = PBXBuildFile; fileRef = 3432902C29254C8200CAFD26 /* ProfileView.swift */; };
		3432902F292550A500CAFD26 /* TweetFilterViewModel.swift in Sources */ = {isa = PBXBuildFile; fileRef = 3432902E292550A500CAFD26 /* TweetFilterViewModel.swift */; };
		343290352925FC4700CAFD26 /* UserRowView.swift in Sources */ = {isa = PBXBuildFile; fileRef = 343290342925FC4700CAFD26 /* UserRowView.swift */; };
		3432903A2925FE9800CAFD26 /* SideMenuView.swift in Sources */ = {isa = PBXBuildFile; fileRef = 343290392925FE9800CAFD26 /* SideMenuView.swift */; };
		3432903C2925FEA600CAFD26 /* SideMenuOptionRowView.swift in Sources */ = {isa = PBXBuildFile; fileRef = 3432903B2925FEA600CAFD26 /* SideMenuOptionRowView.swift */; };
		3432903F2925FEB800CAFD26 /* SideMenuViewModel.swift in Sources */ = {isa = PBXBuildFile; fileRef = 3432903E2925FEB800CAFD26 /* SideMenuViewModel.swift */; };
		343290422926004B00CAFD26 /* UserStatsView.swift in Sources */ = {isa = PBXBuildFile; fileRef = 343290412926004B00CAFD26 /* UserStatsView.swift */; };
		3432904729271D8600CAFD26 /* NewTweetView.swift in Sources */ = {isa = PBXBuildFile; fileRef = 3432904629271D8600CAFD26 /* NewTweetView.swift */; };
		3432904929271E4C00CAFD26 /* TextArea.swift in Sources */ = {isa = PBXBuildFile; fileRef = 3432904829271E4C00CAFD26 /* TextArea.swift */; };
/* End PBXBuildFile section */

/* Begin PBXFileReference section */
		342183AC2915769B00F378D2 /* TwitterClone.app */ = {isa = PBXFileReference; explicitFileType = wrapper.application; includeInIndex = 0; path = TwitterClone.app; sourceTree = BUILT_PRODUCTS_DIR; };
		342183AF2915769B00F378D2 /* TwitterCloneApp.swift */ = {isa = PBXFileReference; lastKnownFileType = sourcecode.swift; path = TwitterCloneApp.swift; sourceTree = "<group>"; };
		342183B12915769B00F378D2 /* ContentView.swift */ = {isa = PBXFileReference; lastKnownFileType = sourcecode.swift; path = ContentView.swift; sourceTree = "<group>"; };
		342183B32915769C00F378D2 /* Assets.xcassets */ = {isa = PBXFileReference; lastKnownFileType = folder.assetcatalog; path = Assets.xcassets; sourceTree = "<group>"; };
		342183B62915769C00F378D2 /* Preview Assets.xcassets */ = {isa = PBXFileReference; lastKnownFileType = folder.assetcatalog; path = "Preview Assets.xcassets"; sourceTree = "<group>"; };
		342183C7291627D700F378D2 /* FeedView.swift */ = {isa = PBXFileReference; lastKnownFileType = sourcecode.swift; path = FeedView.swift; sourceTree = "<group>"; };
		342183CA291B002300F378D2 /* TweetsRowView.swift */ = {isa = PBXFileReference; lastKnownFileType = sourcecode.swift; path = TweetsRowView.swift; sourceTree = "<group>"; };
		3432901D29254A3200CAFD26 /* MainTabView.swift */ = {isa = PBXFileReference; lastKnownFileType = sourcecode.swift; path = MainTabView.swift; sourceTree = "<group>"; };
		3432902429254B6500CAFD26 /* ExploreView.swift */ = {isa = PBXFileReference; lastKnownFileType = sourcecode.swift; path = ExploreView.swift; sourceTree = "<group>"; };
		3432902629254B7F00CAFD26 /* NotificationsView.swift */ = {isa = PBXFileReference; lastKnownFileType = sourcecode.swift; path = NotificationsView.swift; sourceTree = "<group>"; };
		3432902829254B9800CAFD26 /* MessagesView.swift */ = {isa = PBXFileReference; lastKnownFileType = sourcecode.swift; path = MessagesView.swift; sourceTree = "<group>"; };
		3432902C29254C8200CAFD26 /* ProfileView.swift */ = {isa = PBXFileReference; lastKnownFileType = sourcecode.swift; path = ProfileView.swift; sourceTree = "<group>"; };
		3432902E292550A500CAFD26 /* TweetFilterViewModel.swift */ = {isa = PBXFileReference; lastKnownFileType = sourcecode.swift; path = TweetFilterViewModel.swift; sourceTree = "<group>"; };
		343290342925FC4700CAFD26 /* UserRowView.swift */ = {isa = PBXFileReference; lastKnownFileType = sourcecode.swift; path = UserRowView.swift; sourceTree = "<group>"; };
		343290392925FE9800CAFD26 /* SideMenuView.swift */ = {isa = PBXFileReference; lastKnownFileType = sourcecode.swift; path = SideMenuView.swift; sourceTree = "<group>"; };
		3432903B2925FEA600CAFD26 /* SideMenuOptionRowView.swift */ = {isa = PBXFileReference; lastKnownFileType = sourcecode.swift; path = SideMenuOptionRowView.swift; sourceTree = "<group>"; };
		3432903E2925FEB800CAFD26 /* SideMenuViewModel.swift */ = {isa = PBXFileReference; lastKnownFileType = sourcecode.swift; path = SideMenuViewModel.swift; sourceTree = "<group>"; };
		343290412926004B00CAFD26 /* UserStatsView.swift */ = {isa = PBXFileReference; lastKnownFileType = sourcecode.swift; path = UserStatsView.swift; sourceTree = "<group>"; };
		3432904629271D8600CAFD26 /* NewTweetView.swift */ = {isa = PBXFileReference; lastKnownFileType = sourcecode.swift; path = NewTweetView.swift; sourceTree = "<group>"; };
		3432904829271E4C00CAFD26 /* TextArea.swift */ = {isa = PBXFileReference; lastKnownFileType = sourcecode.swift; path = TextArea.swift; sourceTree = "<group>"; };
/* End PBXFileReference section */

/* Begin PBXFrameworksBuildPhase section */
		342183A92915769B00F378D2 /* Frameworks */ = {
			isa = PBXFrameworksBuildPhase;
			buildActionMask = 2147483647;
			files = (
			);
			runOnlyForDeploymentPostprocessing = 0;
		};
/* End PBXFrameworksBuildPhase section */

/* Begin PBXGroup section */
		342183A32915769A00F378D2 = {
			isa = PBXGroup;
			children = (
				342183AE2915769B00F378D2 /* TwitterClone */,
				342183AD2915769B00F378D2 /* Products */,
			);
			sourceTree = "<group>";
		};
		342183AD2915769B00F378D2 /* Products */ = {
			isa = PBXGroup;
			children = (
				342183AC2915769B00F378D2 /* TwitterClone.app */,
			);
			name = Products;
			sourceTree = "<group>";
		};
		342183AE2915769B00F378D2 /* TwitterClone */ = {
			isa = PBXGroup;
			children = (
				342183C12915772C00F378D2 /* Extensions */,
				342183C02915772800F378D2 /* Model */,
				342183BE2915771300F378D2 /* Service */,
				342183BD2915770A00F378D2 /* Core */,
				342183AF2915769B00F378D2 /* TwitterCloneApp.swift */,
				342183B12915769B00F378D2 /* ContentView.swift */,
				342183B32915769C00F378D2 /* Assets.xcassets */,
				342183B52915769C00F378D2 /* Preview Content */,
			);
			path = TwitterClone;
			sourceTree = "<group>";
		};
		342183B52915769C00F378D2 /* Preview Content */ = {
			isa = PBXGroup;
			children = (
				342183B62915769C00F378D2 /* Preview Assets.xcassets */,
			);
			path = "Preview Content";
			sourceTree = "<group>";
		};
		342183BD2915770A00F378D2 /* Core */ = {
			isa = PBXGroup;
			children = (
				342183C3291626EB00F378D2 /* Components */,
				3432904329271D6C00CAFD26 /* UploadTwet */,
				343290362925FE7E00CAFD26 /* SideMenu */,
				3432902329254B4200CAFD26 /* Profile */,
				3432902229254B2800CAFD26 /* Explore */,
				3432902129254B2700CAFD26 /* Notifications */,
				3432901F29254B1700CAFD26 /* Messages */,
				3432901C29254A1800CAFD26 /* MainTab */,
				342183C4291626F700F378D2 /* Feed */,
			);
			path = Core;
			sourceTree = "<group>";
		};
		342183BE2915771300F378D2 /* Service */ = {
			isa = PBXGroup;
			children = (
			);
			path = Service;
			sourceTree = "<group>";
		};
		342183C02915772800F378D2 /* Model */ = {
			isa = PBXGroup;
			children = (
			);
			path = Model;
			sourceTree = "<group>";
		};
		342183C12915772C00F378D2 /* Extensions */ = {
			isa = PBXGroup;
			children = (
			);
			path = Extensions;
			sourceTree = "<group>";
		};
		342183C3291626EB00F378D2 /* Components */ = {
			isa = PBXGroup;
			children = (
				343290332925FC3800CAFD26 /* Users */,
				342183C9291B000100F378D2 /* Tweets */,
				3432904829271E4C00CAFD26 /* TextArea.swift */,
			);
			path = Components;
			sourceTree = "<group>";
		};
		342183C4291626F700F378D2 /* Feed */ = {
			isa = PBXGroup;
			children = (
				342183C5291627AE00F378D2 /* ViewModels */,
				342183C6291627B800F378D2 /* View */,
			);
			path = Feed;
			sourceTree = "<group>";
		};
		342183C5291627AE00F378D2 /* ViewModels */ = {
			isa = PBXGroup;
			children = (
			);
			path = ViewModels;
			sourceTree = "<group>";
		};
		342183C6291627B800F378D2 /* View */ = {
			isa = PBXGroup;
			children = (
				342183C7291627D700F378D2 /* FeedView.swift */,
			);
			path = View;
			sourceTree = "<group>";
		};
		342183C9291B000100F378D2 /* Tweets */ = {
			isa = PBXGroup;
			children = (
				342183CA291B002300F378D2 /* TweetsRowView.swift */,
			);
			path = Tweets;
			sourceTree = "<group>";
		};
		3432901C29254A1800CAFD26 /* MainTab */ = {
			isa = PBXGroup;
			children = (
				3432901D29254A3200CAFD26 /* MainTabView.swift */,
			);
			path = MainTab;
			sourceTree = "<group>";
		};
		3432901F29254B1700CAFD26 /* Messages */ = {
			isa = PBXGroup;
			children = (
				3432902829254B9800CAFD26 /* MessagesView.swift */,
			);
			path = Messages;
			sourceTree = "<group>";
		};
		3432902129254B2700CAFD26 /* Notifications */ = {
			isa = PBXGroup;
			children = (
				3432902629254B7F00CAFD26 /* NotificationsView.swift */,
			);
			path = Notifications;
			sourceTree = "<group>";
		};
		3432902229254B2800CAFD26 /* Explore */ = {
			isa = PBXGroup;
			children = (
				343290312925FBFA00CAFD26 /* ViewModels */,
				343290302925FBF700CAFD26 /* Views */,
			);
			path = Explore;
			sourceTree = "<group>";
		};
		3432902329254B4200CAFD26 /* Profile */ = {
			isa = PBXGroup;
			children = (
				3432902A29254C6800CAFD26 /* ViewModels */,
				3432902B29254C7100CAFD26 /* Views */,
			);
			path = Profile;
			sourceTree = "<group>";
		};
		3432902A29254C6800CAFD26 /* ViewModels */ = {
			isa = PBXGroup;
			children = (
				3432902E292550A500CAFD26 /* TweetFilterViewModel.swift */,
			);
			path = ViewModels;
			sourceTree = "<group>";
		};
		3432902B29254C7100CAFD26 /* Views */ = {
			isa = PBXGroup;
			children = (
				3432902C29254C8200CAFD26 /* ProfileView.swift */,
			);
			path = Views;
			sourceTree = "<group>";
		};
		343290302925FBF700CAFD26 /* Views */ = {
			isa = PBXGroup;
			children = (
				3432902429254B6500CAFD26 /* ExploreView.swift */,
			);
			path = Views;
			sourceTree = "<group>";
		};
		343290312925FBFA00CAFD26 /* ViewModels */ = {
			isa = PBXGroup;
			children = (
			);
			path = ViewModels;
			sourceTree = "<group>";
		};
		343290332925FC3800CAFD26 /* Users */ = {
			isa = PBXGroup;
			children = (
				343290342925FC4700CAFD26 /* UserRowView.swift */,
				343290412926004B00CAFD26 /* UserStatsView.swift */,
			);
			path = Users;
			sourceTree = "<group>";
		};
		343290362925FE7E00CAFD26 /* SideMenu */ = {
			isa = PBXGroup;
			children = (
				343290372925FE8700CAFD26 /* ViewModel */,
				343290382925FE8A00CAFD26 /* Views */,
			);
			path = SideMenu;
			sourceTree = "<group>";
		};
		343290372925FE8700CAFD26 /* ViewModel */ = {
			isa = PBXGroup;
			children = (
				3432903E2925FEB800CAFD26 /* SideMenuViewModel.swift */,
			);
			path = ViewModel;
			sourceTree = "<group>";
		};
		343290382925FE8A00CAFD26 /* Views */ = {
			isa = PBXGroup;
			children = (
				343290392925FE9800CAFD26 /* SideMenuView.swift */,
				3432903B2925FEA600CAFD26 /* SideMenuOptionRowView.swift */,
			);
			path = Views;
			sourceTree = "<group>";
		};
		3432904329271D6C00CAFD26 /* UploadTwet */ = {
			isa = PBXGroup;
			children = (
				3432904429271D7400CAFD26 /* ViewModels */,
				3432904529271D7900CAFD26 /* Views */,
			);
			path = UploadTwet;
			sourceTree = "<group>";
		};
		3432904429271D7400CAFD26 /* ViewModels */ = {
			isa = PBXGroup;
			children = (
			);
			path = ViewModels;
			sourceTree = "<group>";
		};
		3432904529271D7900CAFD26 /* Views */ = {
			isa = PBXGroup;
			children = (
				3432904629271D8600CAFD26 /* NewTweetView.swift */,
			);
			path = Views;
			sourceTree = "<group>";
		};
/* End PBXGroup section */

/* Begin PBXNativeTarget section */
		342183AB2915769B00F378D2 /* TwitterClone */ = {
			isa = PBXNativeTarget;
			buildConfigurationList = 342183BA2915769C00F378D2 /* Build configuration list for PBXNativeTarget "TwitterClone" */;
			buildPhases = (
				342183A82915769B00F378D2 /* Sources */,
				342183A92915769B00F378D2 /* Frameworks */,
				342183AA2915769B00F378D2 /* Resources */,
			);
			buildRules = (
			);
			dependencies = (
			);
			name = TwitterClone;
			productName = TwitterClone;
			productReference = 342183AC2915769B00F378D2 /* TwitterClone.app */;
			productType = "com.apple.product-type.application";
		};
/* End PBXNativeTarget section */

/* Begin PBXProject section */
		342183A42915769A00F378D2 /* Project object */ = {
			isa = PBXProject;
			attributes = {
				BuildIndependentTargetsInParallel = 1;
				LastSwiftUpdateCheck = 1410;
				LastUpgradeCheck = 1410;
				TargetAttributes = {
					342183AB2915769B00F378D2 = {
						CreatedOnToolsVersion = 14.1;
					};
				};
			};
			buildConfigurationList = 342183A72915769A00F378D2 /* Build configuration list for PBXProject "TwitterClone" */;
			compatibilityVersion = "Xcode 14.0";
			developmentRegion = en;
			hasScannedForEncodings = 0;
			knownRegions = (
				en,
				Base,
			);
			mainGroup = 342183A32915769A00F378D2;
			productRefGroup = 342183AD2915769B00F378D2 /* Products */;
			projectDirPath = "";
			projectRoot = "";
			targets = (
				342183AB2915769B00F378D2 /* TwitterClone */,
			);
		};
/* End PBXProject section */

/* Begin PBXResourcesBuildPhase section */
		342183AA2915769B00F378D2 /* Resources */ = {
			isa = PBXResourcesBuildPhase;
			buildActionMask = 2147483647;
			files = (
				342183B72915769C00F378D2 /* Preview Assets.xcassets in Resources */,
				342183B42915769C00F378D2 /* Assets.xcassets in Resources */,
			);
			runOnlyForDeploymentPostprocessing = 0;
		};
/* End PBXResourcesBuildPhase section */

/* Begin PBXSourcesBuildPhase section */
		342183A82915769B00F378D2 /* Sources */ = {
			isa = PBXSourcesBuildPhase;
			buildActionMask = 2147483647;
			files = (
				3432902929254B9800CAFD26 /* MessagesView.swift in Sources */,
				3432902D29254C8200CAFD26 /* ProfileView.swift in Sources */,
				342183B22915769B00F378D2 /* ContentView.swift in Sources */,
				3432903C2925FEA600CAFD26 /* SideMenuOptionRowView.swift in Sources */,
				342183CB291B002300F378D2 /* TweetsRowView.swift in Sources */,
				3432902F292550A500CAFD26 /* TweetFilterViewModel.swift in Sources */,
				342183C8291627D700F378D2 /* FeedView.swift in Sources */,
				3432903A2925FE9800CAFD26 /* SideMenuView.swift in Sources */,
				342183B02915769B00F378D2 /* TwitterCloneApp.swift in Sources */,
				3432902529254B6500CAFD26 /* ExploreView.swift in Sources */,
				3432904929271E4C00CAFD26 /* TextArea.swift in Sources */,
				3432903F2925FEB800CAFD26 /* SideMenuViewModel.swift in Sources */,
				3432904729271D8600CAFD26 /* NewTweetView.swift in Sources */,
				343290352925FC4700CAFD26 /* UserRowView.swift in Sources */,
				3432901E29254A3200CAFD26 /* MainTabView.swift in Sources */,
				3432902729254B7F00CAFD26 /* NotificationsView.swift in Sources */,
				343290422926004B00CAFD26 /* UserStatsView.swift in Sources */,
			);
			runOnlyForDeploymentPostprocessing = 0;
		};
/* End PBXSourcesBuildPhase section */

/* Begin XCBuildConfiguration section */
		342183B82915769C00F378D2 /* Debug */ = {
			isa = XCBuildConfiguration;
			buildSettings = {
				ALWAYS_SEARCH_USER_PATHS = NO;
				CLANG_ANALYZER_NONNULL = YES;
				CLANG_ANALYZER_NUMBER_OBJECT_CONVERSION = YES_AGGRESSIVE;
				CLANG_CXX_LANGUAGE_STANDARD = "gnu++20";
				CLANG_ENABLE_MODULES = YES;
				CLANG_ENABLE_OBJC_ARC = YES;
				CLANG_ENABLE_OBJC_WEAK = YES;
				CLANG_WARN_BLOCK_CAPTURE_AUTORELEASING = YES;
				CLANG_WARN_BOOL_CONVERSION = YES;
				CLANG_WARN_COMMA = YES;
				CLANG_WARN_CONSTANT_CONVERSION = YES;
				CLANG_WARN_DEPRECATED_OBJC_IMPLEMENTATIONS = YES;
				CLANG_WARN_DIRECT_OBJC_ISA_USAGE = YES_ERROR;
				CLANG_WARN_DOCUMENTATION_COMMENTS = YES;
				CLANG_WARN_EMPTY_BODY = YES;
				CLANG_WARN_ENUM_CONVERSION = YES;
				CLANG_WARN_INFINITE_RECURSION = YES;
				CLANG_WARN_INT_CONVERSION = YES;
				CLANG_WARN_NON_LITERAL_NULL_CONVERSION = YES;
				CLANG_WARN_OBJC_IMPLICIT_RETAIN_SELF = YES;
				CLANG_WARN_OBJC_LITERAL_CONVERSION = YES;
				CLANG_WARN_OBJC_ROOT_CLASS = YES_ERROR;
				CLANG_WARN_QUOTED_INCLUDE_IN_FRAMEWORK_HEADER = YES;
				CLANG_WARN_RANGE_LOOP_ANALYSIS = YES;
				CLANG_WARN_STRICT_PROTOTYPES = YES;
				CLANG_WARN_SUSPICIOUS_MOVE = YES;
				CLANG_WARN_UNGUARDED_AVAILABILITY = YES_AGGRESSIVE;
				CLANG_WARN_UNREACHABLE_CODE = YES;
				CLANG_WARN__DUPLICATE_METHOD_MATCH = YES;
				COPY_PHASE_STRIP = NO;
				DEBUG_INFORMATION_FORMAT = dwarf;
				ENABLE_STRICT_OBJC_MSGSEND = YES;
				ENABLE_TESTABILITY = YES;
				GCC_C_LANGUAGE_STANDARD = gnu11;
				GCC_DYNAMIC_NO_PIC = NO;
				GCC_NO_COMMON_BLOCKS = YES;
				GCC_OPTIMIZATION_LEVEL = 0;
				GCC_PREPROCESSOR_DEFINITIONS = (
					"DEBUG=1",
					"$(inherited)",
				);
				GCC_WARN_64_TO_32_BIT_CONVERSION = YES;
				GCC_WARN_ABOUT_RETURN_TYPE = YES_ERROR;
				GCC_WARN_UNDECLARED_SELECTOR = YES;
				GCC_WARN_UNINITIALIZED_AUTOS = YES_AGGRESSIVE;
				GCC_WARN_UNUSED_FUNCTION = YES;
				GCC_WARN_UNUSED_VARIABLE = YES;
				IPHONEOS_DEPLOYMENT_TARGET = 16.1;
				MTL_ENABLE_DEBUG_INFO = INCLUDE_SOURCE;
				MTL_FAST_MATH = YES;
				ONLY_ACTIVE_ARCH = YES;
				SDKROOT = iphoneos;
				SWIFT_ACTIVE_COMPILATION_CONDITIONS = DEBUG;
				SWIFT_OPTIMIZATION_LEVEL = "-Onone";
			};
			name = Debug;
		};
		342183B92915769C00F378D2 /* Release */ = {
			isa = XCBuildConfiguration;
			buildSettings = {
				ALWAYS_SEARCH_USER_PATHS = NO;
				CLANG_ANALYZER_NONNULL = YES;
				CLANG_ANALYZER_NUMBER_OBJECT_CONVERSION = YES_AGGRESSIVE;
				CLANG_CXX_LANGUAGE_STANDARD = "gnu++20";
				CLANG_ENABLE_MODULES = YES;
				CLANG_ENABLE_OBJC_ARC = YES;
				CLANG_ENABLE_OBJC_WEAK = YES;
				CLANG_WARN_BLOCK_CAPTURE_AUTORELEASING = YES;
				CLANG_WARN_BOOL_CONVERSION = YES;
				CLANG_WARN_COMMA = YES;
				CLANG_WARN_CONSTANT_CONVERSION = YES;
				CLANG_WARN_DEPRECATED_OBJC_IMPLEMENTATIONS = YES;
				CLANG_WARN_DIRECT_OBJC_ISA_USAGE = YES_ERROR;
				CLANG_WARN_DOCUMENTATION_COMMENTS = YES;
				CLANG_WARN_EMPTY_BODY = YES;
				CLANG_WARN_ENUM_CONVERSION = YES;
				CLANG_WARN_INFINITE_RECURSION = YES;
				CLANG_WARN_INT_CONVERSION = YES;
				CLANG_WARN_NON_LITERAL_NULL_CONVERSION = YES;
				CLANG_WARN_OBJC_IMPLICIT_RETAIN_SELF = YES;
				CLANG_WARN_OBJC_LITERAL_CONVERSION = YES;
				CLANG_WARN_OBJC_ROOT_CLASS = YES_ERROR;
				CLANG_WARN_QUOTED_INCLUDE_IN_FRAMEWORK_HEADER = YES;
				CLANG_WARN_RANGE_LOOP_ANALYSIS = YES;
				CLANG_WARN_STRICT_PROTOTYPES = YES;
				CLANG_WARN_SUSPICIOUS_MOVE = YES;
				CLANG_WARN_UNGUARDED_AVAILABILITY = YES_AGGRESSIVE;
				CLANG_WARN_UNREACHABLE_CODE = YES;
				CLANG_WARN__DUPLICATE_METHOD_MATCH = YES;
				COPY_PHASE_STRIP = NO;
				DEBUG_INFORMATION_FORMAT = "dwarf-with-dsym";
				ENABLE_NS_ASSERTIONS = NO;
				ENABLE_STRICT_OBJC_MSGSEND = YES;
				GCC_C_LANGUAGE_STANDARD = gnu11;
				GCC_NO_COMMON_BLOCKS = YES;
				GCC_WARN_64_TO_32_BIT_CONVERSION = YES;
				GCC_WARN_ABOUT_RETURN_TYPE = YES_ERROR;
				GCC_WARN_UNDECLARED_SELECTOR = YES;
				GCC_WARN_UNINITIALIZED_AUTOS = YES_AGGRESSIVE;
				GCC_WARN_UNUSED_FUNCTION = YES;
				GCC_WARN_UNUSED_VARIABLE = YES;
				IPHONEOS_DEPLOYMENT_TARGET = 16.1;
				MTL_ENABLE_DEBUG_INFO = NO;
				MTL_FAST_MATH = YES;
				SDKROOT = iphoneos;
				SWIFT_COMPILATION_MODE = wholemodule;
				SWIFT_OPTIMIZATION_LEVEL = "-O";
				VALIDATE_PRODUCT = YES;
			};
			name = Release;
		};
		342183BB2915769C00F378D2 /* Debug */ = {
			isa = XCBuildConfiguration;
			buildSettings = {
				ASSETCATALOG_COMPILER_APPICON_NAME = AppIcon;
				ASSETCATALOG_COMPILER_GLOBAL_ACCENT_COLOR_NAME = AccentColor;
				CODE_SIGN_STYLE = Automatic;
				CURRENT_PROJECT_VERSION = 1;
				DEVELOPMENT_ASSET_PATHS = "\"TwitterClone/Preview Content\"";
				DEVELOPMENT_TEAM = L47L23J5LK;
				ENABLE_PREVIEWS = YES;
				GENERATE_INFOPLIST_FILE = YES;
				INFOPLIST_KEY_UIApplicationSceneManifest_Generation = YES;
				INFOPLIST_KEY_UIApplicationSupportsIndirectInputEvents = YES;
				INFOPLIST_KEY_UILaunchScreen_Generation = YES;
				INFOPLIST_KEY_UISupportedInterfaceOrientations_iPad = "UIInterfaceOrientationPortrait UIInterfaceOrientationPortraitUpsideDown UIInterfaceOrientationLandscapeLeft UIInterfaceOrientationLandscapeRight";
				INFOPLIST_KEY_UISupportedInterfaceOrientations_iPhone = "UIInterfaceOrientationPortrait UIInterfaceOrientationLandscapeLeft UIInterfaceOrientationLandscapeRight";
				LD_RUNPATH_SEARCH_PATHS = (
					"$(inherited)",
					"@executable_path/Frameworks",
				);
				MARKETING_VERSION = 1.0;
				PRODUCT_BUNDLE_IDENTIFIER = com.winslow.TwitterClone;
				PRODUCT_NAME = "$(TARGET_NAME)";
				SWIFT_EMIT_LOC_STRINGS = YES;
				SWIFT_VERSION = 5.0;
				TARGETED_DEVICE_FAMILY = "1,2";
			};
			name = Debug;
		};
		342183BC2915769C00F378D2 /* Release */ = {
			isa = XCBuildConfiguration;
			buildSettings = {
				ASSETCATALOG_COMPILER_APPICON_NAME = AppIcon;
				ASSETCATALOG_COMPILER_GLOBAL_ACCENT_COLOR_NAME = AccentColor;
				CODE_SIGN_STYLE = Automatic;
				CURRENT_PROJECT_VERSION = 1;
				DEVELOPMENT_ASSET_PATHS = "\"TwitterClone/Preview Content\"";
				DEVELOPMENT_TEAM = L47L23J5LK;
				ENABLE_PREVIEWS = YES;
				GENERATE_INFOPLIST_FILE = YES;
				INFOPLIST_KEY_UIApplicationSceneManifest_Generation = YES;
				INFOPLIST_KEY_UIApplicationSupportsIndirectInputEvents = YES;
				INFOPLIST_KEY_UILaunchScreen_Generation = YES;
				INFOPLIST_KEY_UISupportedInterfaceOrientations_iPad = "UIInterfaceOrientationPortrait UIInterfaceOrientationPortraitUpsideDown UIInterfaceOrientationLandscapeLeft UIInterfaceOrientationLandscapeRight";
				INFOPLIST_KEY_UISupportedInterfaceOrientations_iPhone = "UIInterfaceOrientationPortrait UIInterfaceOrientationLandscapeLeft UIInterfaceOrientationLandscapeRight";
				LD_RUNPATH_SEARCH_PATHS = (
					"$(inherited)",
					"@executable_path/Frameworks",
				);
				MARKETING_VERSION = 1.0;
				PRODUCT_BUNDLE_IDENTIFIER = com.winslow.TwitterClone;
				PRODUCT_NAME = "$(TARGET_NAME)";
				SWIFT_EMIT_LOC_STRINGS = YES;
				SWIFT_VERSION = 5.0;
				TARGETED_DEVICE_FAMILY = "1,2";
			};
			name = Release;
		};
/* End XCBuildConfiguration section */

/* Begin XCConfigurationList section */
		342183A72915769A00F378D2 /* Build configuration list for PBXProject "TwitterClone" */ = {
			isa = XCConfigurationList;
			buildConfigurations = (
				342183B82915769C00F378D2 /* Debug */,
				342183B92915769C00F378D2 /* Release */,
			);
			defaultConfigurationIsVisible = 0;
			defaultConfigurationName = Release;
		};
		342183BA2915769C00F378D2 /* Build configuration list for PBXNativeTarget "TwitterClone" */ = {
			isa = XCConfigurationList;
			buildConfigurations = (
				342183BB2915769C00F378D2 /* Debug */,
				342183BC2915769C00F378D2 /* Release */,
			);
			defaultConfigurationIsVisible = 0;
			defaultConfigurationName = Release;
		};
/* End XCConfigurationList section */
	};
	rootObject = 342183A42915769A00F378D2 /* Project object */;
}
